// !$*UTF8*$!
{
	archiveVersion = 1;
	classes = {
	};
	objectVersion = 50;
	objects = {

/* Begin PBXBuildFile section */
		00335C4423C424130047FA6F /* Assets.xcassets in Resources */ = {isa = PBXBuildFile; fileRef = 00335C4323C424130047FA6F /* Assets.xcassets */; };
		00335C4723C424130047FA6F /* Preview Assets.xcassets in Resources */ = {isa = PBXBuildFile; fileRef = 00335C4623C424130047FA6F /* Preview Assets.xcassets */; };
		00335C4A23C424130047FA6F /* Main.storyboard in Resources */ = {isa = PBXBuildFile; fileRef = 00335C4823C424130047FA6F /* Main.storyboard */; };
		00335C7123C424A50047FA6F /* ViewController.swift in Sources */ = {isa = PBXBuildFile; fileRef = 00335C6E23C424A50047FA6F /* ViewController.swift */; };
		00335C7223C424A50047FA6F /* AppDelegate.swift in Sources */ = {isa = PBXBuildFile; fileRef = 00335C6F23C424A50047FA6F /* AppDelegate.swift */; };
		00335C7323C424A50047FA6F /* EventMonitor.swift in Sources */ = {isa = PBXBuildFile; fileRef = 00335C7023C424A50047FA6F /* EventMonitor.swift */; };
/* End PBXBuildFile section */

/* Begin PBXContainerItemProxy section */
		00335C5223C424130047FA6F /* PBXContainerItemProxy */ = {
			isa = PBXContainerItemProxy;
			containerPortal = 00335C3423C424120047FA6F /* Project object */;
			proxyType = 1;
			remoteGlobalIDString = 00335C3B23C424120047FA6F;
			remoteInfo = "Toolbar-Calculator";
		};
		00335C5D23C424130047FA6F /* PBXContainerItemProxy */ = {
			isa = PBXContainerItemProxy;
			containerPortal = 00335C3423C424120047FA6F /* Project object */;
			proxyType = 1;
			remoteGlobalIDString = 00335C3B23C424120047FA6F;
			remoteInfo = "Toolbar-Calculator";
		};
/* End PBXContainerItemProxy section */

/* Begin PBXFileReference section */
		00335C3C23C424120047FA6F /* Toolbar-Calculator.app */ = {isa = PBXFileReference; explicitFileType = wrapper.application; includeInIndex = 0; path = "Toolbar-Calculator.app"; sourceTree = BUILT_PRODUCTS_DIR; };
		00335C4323C424130047FA6F /* Assets.xcassets */ = {isa = PBXFileReference; lastKnownFileType = folder.assetcatalog; path = Assets.xcassets; sourceTree = "<group>"; };
		00335C4623C424130047FA6F /* Preview Assets.xcassets */ = {isa = PBXFileReference; lastKnownFileType = folder.assetcatalog; path = "Preview Assets.xcassets"; sourceTree = "<group>"; };
		00335C4923C424130047FA6F /* Base */ = {isa = PBXFileReference; lastKnownFileType = file.storyboard; name = Base; path = Base.lproj/Main.storyboard; sourceTree = "<group>"; };
		00335C4B23C424130047FA6F /* Info.plist */ = {isa = PBXFileReference; lastKnownFileType = text.plist.xml; path = Info.plist; sourceTree = "<group>"; };
		00335C4C23C424130047FA6F /* Toolbar_Calculator.entitlements */ = {isa = PBXFileReference; lastKnownFileType = text.plist.entitlements; path = Toolbar_Calculator.entitlements; sourceTree = "<group>"; };
		00335C5123C424130047FA6F /* Toolbar-CalculatorTests.xctest */ = {isa = PBXFileReference; explicitFileType = wrapper.cfbundle; includeInIndex = 0; path = "Toolbar-CalculatorTests.xctest"; sourceTree = BUILT_PRODUCTS_DIR; };
		00335C5C23C424130047FA6F /* Toolbar-CalculatorUITests.xctest */ = {isa = PBXFileReference; explicitFileType = wrapper.cfbundle; includeInIndex = 0; path = "Toolbar-CalculatorUITests.xctest"; sourceTree = BUILT_PRODUCTS_DIR; };
		00335C6E23C424A50047FA6F /* ViewController.swift */ = {isa = PBXFileReference; fileEncoding = 4; lastKnownFileType = sourcecode.swift; name = ViewController.swift; path = "../../../Mac-OS-X-App-Menu-Bar-Popup/Popup/Popup/ViewController.swift"; sourceTree = "<group>"; };
		00335C6F23C424A50047FA6F /* AppDelegate.swift */ = {isa = PBXFileReference; fileEncoding = 4; lastKnownFileType = sourcecode.swift; name = AppDelegate.swift; path = "../../../Mac-OS-X-App-Menu-Bar-Popup/Popup/Popup/AppDelegate.swift"; sourceTree = "<group>"; };
		00335C7023C424A50047FA6F /* EventMonitor.swift */ = {isa = PBXFileReference; fileEncoding = 4; lastKnownFileType = sourcecode.swift; name = EventMonitor.swift; path = "../../../Mac-OS-X-App-Menu-Bar-Popup/Popup/Popup/EventMonitor.swift"; sourceTree = "<group>"; };
/* End PBXFileReference section */

/* Begin PBXFrameworksBuildPhase section */
		00335C3923C424120047FA6F /* Frameworks */ = {
			isa = PBXFrameworksBuildPhase;
			buildActionMask = 2147483647;
			files = (
			);
			runOnlyForDeploymentPostprocessing = 0;
		};
		00335C4E23C424130047FA6F /* Frameworks */ = {
			isa = PBXFrameworksBuildPhase;
			buildActionMask = 2147483647;
			files = (
			);
			runOnlyForDeploymentPostprocessing = 0;
		};
		00335C5923C424130047FA6F /* Frameworks */ = {
			isa = PBXFrameworksBuildPhase;
			buildActionMask = 2147483647;
			files = (
			);
			runOnlyForDeploymentPostprocessing = 0;
		};
/* End PBXFrameworksBuildPhase section */

/* Begin PBXGroup section */
		00335C3323C424120047FA6F = {
			isa = PBXGroup;
			children = (
				00335C3E23C424120047FA6F /* Toolbar-Calculator */,
				00335C3D23C424120047FA6F /* Products */,
			);
			sourceTree = "<group>";
		};
		00335C3D23C424120047FA6F /* Products */ = {
			isa = PBXGroup;
			children = (
				00335C3C23C424120047FA6F /* Toolbar-Calculator.app */,
				00335C5123C424130047FA6F /* Toolbar-CalculatorTests.xctest */,
				00335C5C23C424130047FA6F /* Toolbar-CalculatorUITests.xctest */,
			);
			name = Products;
			sourceTree = "<group>";
		};
		00335C3E23C424120047FA6F /* Toolbar-Calculator */ = {
			isa = PBXGroup;
			children = (
				00335C6F23C424A50047FA6F /* AppDelegate.swift */,
				00335C7023C424A50047FA6F /* EventMonitor.swift */,
				00335C6E23C424A50047FA6F /* ViewController.swift */,
				00335C4323C424130047FA6F /* Assets.xcassets */,
				00335C4823C424130047FA6F /* Main.storyboard */,
				00335C4B23C424130047FA6F /* Info.plist */,
				00335C4C23C424130047FA6F /* Toolbar_Calculator.entitlements */,
				00335C4523C424130047FA6F /* Preview Content */,
			);
			path = "Toolbar-Calculator";
			sourceTree = "<group>";
		};
		00335C4523C424130047FA6F /* Preview Content */ = {
			isa = PBXGroup;
			children = (
				00335C4623C424130047FA6F /* Preview Assets.xcassets */,
			);
			path = "Preview Content";
			sourceTree = "<group>";
		};
/* End PBXGroup section */

/* Begin PBXNativeTarget section */
		00335C3B23C424120047FA6F /* Toolbar-Calculator */ = {
			isa = PBXNativeTarget;
			buildConfigurationList = 00335C6523C424130047FA6F /* Build configuration list for PBXNativeTarget "Toolbar-Calculator" */;
			buildPhases = (
				00335C3823C424120047FA6F /* Sources */,
				00335C3923C424120047FA6F /* Frameworks */,
				00335C3A23C424120047FA6F /* Resources */,
			);
			buildRules = (
			);
			dependencies = (
			);
			name = "Toolbar-Calculator";
			productName = "Toolbar-Calculator";
			productReference = 00335C3C23C424120047FA6F /* Toolbar-Calculator.app */;
			productType = "com.apple.product-type.application";
		};
		00335C5023C424130047FA6F /* Toolbar-CalculatorTests */ = {
			isa = PBXNativeTarget;
			buildConfigurationList = 00335C6823C424130047FA6F /* Build configuration list for PBXNativeTarget "Toolbar-CalculatorTests" */;
			buildPhases = (
				00335C4D23C424130047FA6F /* Sources */,
				00335C4E23C424130047FA6F /* Frameworks */,
				00335C4F23C424130047FA6F /* Resources */,
			);
			buildRules = (
			);
			dependencies = (
				00335C5323C424130047FA6F /* PBXTargetDependency */,
			);
			name = "Toolbar-CalculatorTests";
			productName = "Toolbar-CalculatorTests";
			productReference = 00335C5123C424130047FA6F /* Toolbar-CalculatorTests.xctest */;
			productType = "com.apple.product-type.bundle.unit-test";
		};
		00335C5B23C424130047FA6F /* Toolbar-CalculatorUITests */ = {
			isa = PBXNativeTarget;
			buildConfigurationList = 00335C6B23C424130047FA6F /* Build configuration list for PBXNativeTarget "Toolbar-CalculatorUITests" */;
			buildPhases = (
				00335C5823C424130047FA6F /* Sources */,
				00335C5923C424130047FA6F /* Frameworks */,
				00335C5A23C424130047FA6F /* Resources */,
			);
			buildRules = (
			);
			dependencies = (
				00335C5E23C424130047FA6F /* PBXTargetDependency */,
			);
			name = "Toolbar-CalculatorUITests";
			productName = "Toolbar-CalculatorUITests";
			productReference = 00335C5C23C424130047FA6F /* Toolbar-CalculatorUITests.xctest */;
			productType = "com.apple.product-type.bundle.ui-testing";
		};
/* End PBXNativeTarget section */

/* Begin PBXProject section */
		00335C3423C424120047FA6F /* Project object */ = {
			isa = PBXProject;
			attributes = {
				LastSwiftUpdateCheck = 1110;
				LastUpgradeCheck = 1110;
				ORGANIZATIONNAME = "Robin Clarkson";
				TargetAttributes = {
					00335C3B23C424120047FA6F = {
						CreatedOnToolsVersion = 11.1;
						LastSwiftMigration = 1110;
					};
					00335C5023C424130047FA6F = {
						CreatedOnToolsVersion = 11.1;
						TestTargetID = 00335C3B23C424120047FA6F;
					};
					00335C5B23C424130047FA6F = {
						CreatedOnToolsVersion = 11.1;
						TestTargetID = 00335C3B23C424120047FA6F;
					};
				};
			};
			buildConfigurationList = 00335C3723C424120047FA6F /* Build configuration list for PBXProject "Toolbar-Calculator" */;
			compatibilityVersion = "Xcode 9.3";
			developmentRegion = en;
			hasScannedForEncodings = 0;
			knownRegions = (
				en,
				Base,
			);
			mainGroup = 00335C3323C424120047FA6F;
			productRefGroup = 00335C3D23C424120047FA6F /* Products */;
			projectDirPath = "";
			projectRoot = "";
			targets = (
				00335C3B23C424120047FA6F /* Toolbar-Calculator */,
				00335C5023C424130047FA6F /* Toolbar-CalculatorTests */,
				00335C5B23C424130047FA6F /* Toolbar-CalculatorUITests */,
			);
		};
/* End PBXProject section */

/* Begin PBXResourcesBuildPhase section */
		00335C3A23C424120047FA6F /* Resources */ = {
			isa = PBXResourcesBuildPhase;
			buildActionMask = 2147483647;
			files = (
				00335C4A23C424130047FA6F /* Main.storyboard in Resources */,
				00335C4723C424130047FA6F /* Preview Assets.xcassets in Resources */,
				00335C4423C424130047FA6F /* Assets.xcassets in Resources */,
			);
			runOnlyForDeploymentPostprocessing = 0;
		};
		00335C4F23C424130047FA6F /* Resources */ = {
			isa = PBXResourcesBuildPhase;
			buildActionMask = 2147483647;
			files = (
			);
			runOnlyForDeploymentPostprocessing = 0;
		};
		00335C5A23C424130047FA6F /* Resources */ = {
			isa = PBXResourcesBuildPhase;
			buildActionMask = 2147483647;
			files = (
			);
			runOnlyForDeploymentPostprocessing = 0;
		};
/* End PBXResourcesBuildPhase section */

/* Begin PBXSourcesBuildPhase section */
		00335C3823C424120047FA6F /* Sources */ = {
			isa = PBXSourcesBuildPhase;
			buildActionMask = 2147483647;
			files = (
				00335C7323C424A50047FA6F /* EventMonitor.swift in Sources */,
				00335C7223C424A50047FA6F /* AppDelegate.swift in Sources */,
				00335C7123C424A50047FA6F /* ViewController.swift in Sources */,
			);
			runOnlyForDeploymentPostprocessing = 0;
		};
		00335C4D23C424130047FA6F /* Sources */ = {
			isa = PBXSourcesBuildPhase;
			buildActionMask = 2147483647;
			files = (
			);
			runOnlyForDeploymentPostprocessing = 0;
		};
		00335C5823C424130047FA6F /* Sources */ = {
			isa = PBXSourcesBuildPhase;
			buildActionMask = 2147483647;
			files = (
			);
			runOnlyForDeploymentPostprocessing = 0;
		};
/* End PBXSourcesBuildPhase section */

/* Begin PBXTargetDependency section */
		00335C5323C424130047FA6F /* PBXTargetDependency */ = {
			isa = PBXTargetDependency;
			target = 00335C3B23C424120047FA6F /* Toolbar-Calculator */;
			targetProxy = 00335C5223C424130047FA6F /* PBXContainerItemProxy */;
		};
		00335C5E23C424130047FA6F /* PBXTargetDependency */ = {
			isa = PBXTargetDependency;
			target = 00335C3B23C424120047FA6F /* Toolbar-Calculator */;
			targetProxy = 00335C5D23C424130047FA6F /* PBXContainerItemProxy */;
		};
/* End PBXTargetDependency section */

/* Begin PBXVariantGroup section */
		00335C4823C424130047FA6F /* Main.storyboard */ = {
			isa = PBXVariantGroup;
			children = (
				00335C4923C424130047FA6F /* Base */,
			);
			name = Main.storyboard;
			sourceTree = "<group>";
		};
/* End PBXVariantGroup section */

/* Begin XCBuildConfiguration section */
		00335C6323C424130047FA6F /* Debug */ = {
			isa = XCBuildConfiguration;
			buildSettings = {
				ALWAYS_SEARCH_USER_PATHS = NO;
				CLANG_ANALYZER_NONNULL = YES;
				CLANG_ANALYZER_NUMBER_OBJECT_CONVERSION = YES_AGGRESSIVE;
				CLANG_CXX_LANGUAGE_STANDARD = "gnu++14";
				CLANG_CXX_LIBRARY = "libc++";
				CLANG_ENABLE_MODULES = YES;
				CLANG_ENABLE_OBJC_ARC = YES;
				CLANG_ENABLE_OBJC_WEAK = YES;
				CLANG_WARN_BLOCK_CAPTURE_AUTORELEASING = YES;
				CLANG_WARN_BOOL_CONVERSION = YES;
				CLANG_WARN_COMMA = YES;
				CLANG_WARN_CONSTANT_CONVERSION = YES;
				CLANG_WARN_DEPRECATED_OBJC_IMPLEMENTATIONS = YES;
				CLANG_WARN_DIRECT_OBJC_ISA_USAGE = YES_ERROR;
				CLANG_WARN_DOCUMENTATION_COMMENTS = YES;
				CLANG_WARN_EMPTY_BODY = YES;
				CLANG_WARN_ENUM_CONVERSION = YES;
				CLANG_WARN_INFINITE_RECURSION = YES;
				CLANG_WARN_INT_CONVERSION = YES;
				CLANG_WARN_NON_LITERAL_NULL_CONVERSION = YES;
				CLANG_WARN_OBJC_IMPLICIT_RETAIN_SELF = YES;
				CLANG_WARN_OBJC_LITERAL_CONVERSION = YES;
				CLANG_WARN_OBJC_ROOT_CLASS = YES_ERROR;
				CLANG_WARN_RANGE_LOOP_ANALYSIS = YES;
				CLANG_WARN_STRICT_PROTOTYPES = YES;
				CLANG_WARN_SUSPICIOUS_MOVE = YES;
				CLANG_WARN_UNGUARDED_AVAILABILITY = YES_AGGRESSIVE;
				CLANG_WARN_UNREACHABLE_CODE = YES;
				CLANG_WARN__DUPLICATE_METHOD_MATCH = YES;
				COPY_PHASE_STRIP = NO;
				DEBUG_INFORMATION_FORMAT = dwarf;
				ENABLE_STRICT_OBJC_MSGSEND = YES;
				ENABLE_TESTABILITY = YES;
				GCC_C_LANGUAGE_STANDARD = gnu11;
				GCC_DYNAMIC_NO_PIC = NO;
				GCC_NO_COMMON_BLOCKS = YES;
				GCC_OPTIMIZATION_LEVEL = 0;
				GCC_PREPROCESSOR_DEFINITIONS = (
					"DEBUG=1",
					"$(inherited)",
				);
				GCC_WARN_64_TO_32_BIT_CONVERSION = YES;
				GCC_WARN_ABOUT_RETURN_TYPE = YES_ERROR;
				GCC_WARN_UNDECLARED_SELECTOR = YES;
				GCC_WARN_UNINITIALIZED_AUTOS = YES_AGGRESSIVE;
				GCC_WARN_UNUSED_FUNCTION = YES;
				GCC_WARN_UNUSED_VARIABLE = YES;
				MACOSX_DEPLOYMENT_TARGET = 10.14;
				MTL_ENABLE_DEBUG_INFO = INCLUDE_SOURCE;
				MTL_FAST_MATH = YES;
				ONLY_ACTIVE_ARCH = YES;
				SDKROOT = macosx;
				SWIFT_ACTIVE_COMPILATION_CONDITIONS = DEBUG;
				SWIFT_OPTIMIZATION_LEVEL = "-Onone";
			};
			name = Debug;
		};
		00335C6423C424130047FA6F /* Release */ = {
			isa = XCBuildConfiguration;
			buildSettings = {
				ALWAYS_SEARCH_USER_PATHS = NO;
				CLANG_ANALYZER_NONNULL = YES;
				CLANG_ANALYZER_NUMBER_OBJECT_CONVERSION = YES_AGGRESSIVE;
				CLANG_CXX_LANGUAGE_STANDARD = "gnu++14";
				CLANG_CXX_LIBRARY = "libc++";
				CLANG_ENABLE_MODULES = YES;
				CLANG_ENABLE_OBJC_ARC = YES;
				CLANG_ENABLE_OBJC_WEAK = YES;
				CLANG_WARN_BLOCK_CAPTURE_AUTORELEASING = YES;
				CLANG_WARN_BOOL_CONVERSION = YES;
				CLANG_WARN_COMMA = YES;
				CLANG_WARN_CONSTANT_CONVERSION = YES;
				CLANG_WARN_DEPRECATED_OBJC_IMPLEMENTATIONS = YES;
				CLANG_WARN_DIRECT_OBJC_ISA_USAGE = YES_ERROR;
				CLANG_WARN_DOCUMENTATION_COMMENTS = YES;
				CLANG_WARN_EMPTY_BODY = YES;
				CLANG_WARN_ENUM_CONVERSION = YES;
				CLANG_WARN_INFINITE_RECURSION = YES;
				CLANG_WARN_INT_CONVERSION = YES;
				CLANG_WARN_NON_LITERAL_NULL_CONVERSION = YES;
				CLANG_WARN_OBJC_IMPLICIT_RETAIN_SELF = YES;
				CLANG_WARN_OBJC_LITERAL_CONVERSION = YES;
				CLANG_WARN_OBJC_ROOT_CLASS = YES_ERROR;
				CLANG_WARN_RANGE_LOOP_ANALYSIS = YES;
				CLANG_WARN_STRICT_PROTOTYPES = YES;
				CLANG_WARN_SUSPICIOUS_MOVE = YES;
				CLANG_WARN_UNGUARDED_AVAILABILITY = YES_AGGRESSIVE;
				CLANG_WARN_UNREACHABLE_CODE = YES;
				CLANG_WARN__DUPLICATE_METHOD_MATCH = YES;
				COPY_PHASE_STRIP = NO;
				DEBUG_INFORMATION_FORMAT = "dwarf-with-dsym";
				ENABLE_NS_ASSERTIONS = NO;
				ENABLE_STRICT_OBJC_MSGSEND = YES;
				GCC_C_LANGUAGE_STANDARD = gnu11;
				GCC_NO_COMMON_BLOCKS = YES;
				GCC_WARN_64_TO_32_BIT_CONVERSION = YES;
				GCC_WARN_ABOUT_RETURN_TYPE = YES_ERROR;
				GCC_WARN_UNDECLARED_SELECTOR = YES;
				GCC_WARN_UNINITIALIZED_AUTOS = YES_AGGRESSIVE;
				GCC_WARN_UNUSED_FUNCTION = YES;
				GCC_WARN_UNUSED_VARIABLE = YES;
				MACOSX_DEPLOYMENT_TARGET = 10.14;
				MTL_ENABLE_DEBUG_INFO = NO;
				MTL_FAST_MATH = YES;
				SDKROOT = macosx;
				SWIFT_COMPILATION_MODE = wholemodule;
				SWIFT_OPTIMIZATION_LEVEL = "-O";
			};
			name = Release;
		};
		00335C6623C424130047FA6F /* Debug */ = {
			isa = XCBuildConfiguration;
			buildSettings = {
				ASSETCATALOG_COMPILER_APPICON_NAME = AppIcon;
				CLANG_ENABLE_MODULES = YES;
				CODE_SIGN_ENTITLEMENTS = "Toolbar-Calculator/Toolbar_Calculator.entitlements";
				CODE_SIGN_STYLE = Automatic;
				COMBINE_HIDPI_IMAGES = YES;
				DEVELOPMENT_ASSET_PATHS = "\"Toolbar-Calculator/Preview Content\"";
				ENABLE_PREVIEWS = YES;
				INFOPLIST_FILE = "Toolbar-Calculator/Info.plist";
				LD_RUNPATH_SEARCH_PATHS = (
					"$(inherited)",
					"@executable_path/../Frameworks",
				);
				MACOSX_DEPLOYMENT_TARGET = 10.14;
				PRODUCT_BUNDLE_IDENTIFIER = "school.Toolbar-Calculator";
				PRODUCT_NAME = "$(TARGET_NAME)";
				SWIFT_OPTIMIZATION_LEVEL = "-Onone";
				SWIFT_VERSION = 4.2;
			};
			name = Debug;
		};
		00335C6723C424130047FA6F /* Release */ = {
			isa = XCBuildConfiguration;
			buildSettings = {
				ASSETCATALOG_COMPILER_APPICON_NAME = AppIcon;
				CLANG_ENABLE_MODULES = YES;
				CODE_SIGN_ENTITLEMENTS = "Toolbar-Calculator/Toolbar_Calculator.entitlements";
				CODE_SIGN_STYLE = Automatic;
				COMBINE_HIDPI_IMAGES = YES;
				DEVELOPMENT_ASSET_PATHS = "\"Toolbar-Calculator/Preview Content\"";
				ENABLE_PREVIEWS = YES;
				INFOPLIST_FILE = "Toolbar-Calculator/Info.plist";
				LD_RUNPATH_SEARCH_PATHS = (
					"$(inherited)",
					"@executable_path/../Frameworks",
				);
				MACOSX_DEPLOYMENT_TARGET = 10.14;
				PRODUCT_BUNDLE_IDENTIFIER = "school.Toolbar-Calculator";
				PRODUCT_NAME = "$(TARGET_NAME)";
				SWIFT_VERSION = 4.2;
			};
			name = Release;
		};
		00335C6923C424130047FA6F /* Debug */ = {
			isa = XCBuildConfiguration;
			buildSettings = {
				ALWAYS_EMBED_SWIFT_STANDARD_LIBRARIES = YES;
				BUNDLE_LOADER = "$(TEST_HOST)";
				CODE_SIGN_STYLE = Automatic;
				COMBINE_HIDPI_IMAGES = YES;
				INFOPLIST_FILE = "Toolbar-CalculatorTests/Info.plist";
				LD_RUNPATH_SEARCH_PATHS = (
					"$(inherited)",
					"@executable_path/../Frameworks",
					"@loader_path/../Frameworks",
				);
				MACOSX_DEPLOYMENT_TARGET = 10.15;
				PRODUCT_BUNDLE_IDENTIFIER = "school.Toolbar-CalculatorTests";
				PRODUCT_NAME = "$(TARGET_NAME)";
				SWIFT_VERSION = 5.0;
				TEST_HOST = "$(BUILT_PRODUCTS_DIR)/Toolbar-Calculator.app/Contents/MacOS/Toolbar-Calculator";
			};
			name = Debug;
		};
		00335C6A23C424130047FA6F /* Release */ = {
			isa = XCBuildConfiguration;
			buildSettings = {
				ALWAYS_EMBED_SWIFT_STANDARD_LIBRARIES = YES;
				BUNDLE_LOADER = "$(TEST_HOST)";
				CODE_SIGN_STYLE = Automatic;
				COMBINE_HIDPI_IMAGES = YES;
				INFOPLIST_FILE = "Toolbar-CalculatorTests/Info.plist";
				LD_RUNPATH_SEARCH_PATHS = (
					"$(inherited)",
					"@executable_path/../Frameworks",
					"@loader_path/../Frameworks",
				);
				MACOSX_DEPLOYMENT_TARGET = 10.15;
				PRODUCT_BUNDLE_IDENTIFIER = "school.Toolbar-CalculatorTests";
				PRODUCT_NAME = "$(TARGET_NAME)";
				SWIFT_VERSION = 5.0;
				TEST_HOST = "$(BUILT_PRODUCTS_DIR)/Toolbar-Calculator.app/Contents/MacOS/Toolbar-Calculator";
			};
			name = Release;
		};
		00335C6C23C424130047FA6F /* Debug */ = {
			isa = XCBuildConfiguration;
			buildSettings = {
				ALWAYS_EMBED_SWIFT_STANDARD_LIBRARIES = YES;
				CODE_SIGN_STYLE = Automatic;
				COMBINE_HIDPI_IMAGES = YES;
				INFOPLIST_FILE = "Toolbar-CalculatorUITests/Info.plist";
				LD_RUNPATH_SEARCH_PATHS = (
					"$(inherited)",
					"@executable_path/../Frameworks",
					"@loader_path/../Frameworks",
				);
				PRODUCT_BUNDLE_IDENTIFIER = "school.Toolbar-CalculatorUITests";
				PRODUCT_NAME = "$(TARGET_NAME)";
				SWIFT_VERSION = 5.0;
				TEST_TARGET_NAME = "Toolbar-Calculator";
			};
			name = Debug;
		};
		00335C6D23C424130047FA6F /* Release */ = {
			isa = XCBuildConfiguration;
			buildSettings = {
				ALWAYS_EMBED_SWIFT_STANDARD_LIBRARIES = YES;
				CODE_SIGN_STYLE = Automatic;
				COMBINE_HIDPI_IMAGES = YES;
				INFOPLIST_FILE = "Toolbar-CalculatorUITests/Info.plist";
				LD_RUNPATH_SEARCH_PATHS = (
					"$(inherited)",
					"@executable_path/../Frameworks",
					"@loader_path/../Frameworks",
				);
				PRODUCT_BUNDLE_IDENTIFIER = "school.Toolbar-CalculatorUITests";
				PRODUCT_NAME = "$(TARGET_NAME)";
				SWIFT_VERSION = 5.0;
				TEST_TARGET_NAME = "Toolbar-Calculator";
			};
			name = Release;
		};
/* End XCBuildConfiguration section */

/* Begin XCConfigurationList section */
		00335C3723C424120047FA6F /* Build configuration list for PBXProject "Toolbar-Calculator" */ = {
			isa = XCConfigurationList;
			buildConfigurations = (
				00335C6323C424130047FA6F /* Debug */,
				00335C6423C424130047FA6F /* Release */,
			);
			defaultConfigurationIsVisible = 0;
			defaultConfigurationName = Release;
		};
		00335C6523C424130047FA6F /* Build configuration list for PBXNativeTarget "Toolbar-Calculator" */ = {
			isa = XCConfigurationList;
			buildConfigurations = (
				00335C6623C424130047FA6F /* Debug */,
				00335C6723C424130047FA6F /* Release */,
			);
			defaultConfigurationIsVisible = 0;
			defaultConfigurationName = Release;
		};
		00335C6823C424130047FA6F /* Build configuration list for PBXNativeTarget "Toolbar-CalculatorTests" */ = {
			isa = XCConfigurationList;
			buildConfigurations = (
				00335C6923C424130047FA6F /* Debug */,
				00335C6A23C424130047FA6F /* Release */,
			);
			defaultConfigurationIsVisible = 0;
			defaultConfigurationName = Release;
		};
		00335C6B23C424130047FA6F /* Build configuration list for PBXNativeTarget "Toolbar-CalculatorUITests" */ = {
			isa = XCConfigurationList;
			buildConfigurations = (
				00335C6C23C424130047FA6F /* Debug */,
				00335C6D23C424130047FA6F /* Release */,
			);
			defaultConfigurationIsVisible = 0;
			defaultConfigurationName = Release;
		};
/* End XCConfigurationList section */
	};
	rootObject = 00335C3423C424120047FA6F /* Project object */;
}
